{
	"name": "positron",
	"version": "1.7.0",
	"lockfileVersion": 1,
	"requires": true,
	"dependencies": {
		"napi-macros": {
			"version": "2.0.0",
			"resolved": "https://registry.npmjs.org/napi-macros/-/napi-macros-2.0.0.tgz",
			"integrity": "sha512-A0xLykHtARfueITVDernsAWdtIMbOJgKgcluwENp3AlsKN/PloyO10HtmoqnFAQAcxPkgZN7wdfPfEd0zNGxbg=="
		},
		"node-gyp-build": {
			"version": "4.5.0",
			"resolved": "https://registry.npmjs.org/node-gyp-build/-/node-gyp-build-4.5.0.tgz",
			"integrity": "sha512-2iGbaQBV+ITgCz76ZEjmhUKAKVf7xfY1sRl4UiKQspfZMH2h06SyhNsnSVy50cwkFQDGLyif6m/6uFXHkOZ6rg=="
		},
		"win-version-info": {
			"version": "6.0.1",
			"resolved": "https://registry.npmjs.org/win-version-info/-/win-version-info-6.0.1.tgz",
			"integrity": "sha512-Z6060xUh9UwPxAjKOcEUybw93jnMtpERcdlb933bGfpBOlRtLYlYlzWk1YoGzofX3yB3pvPuwXrTsWQ4ClMZKQ==",
			"requires": {
				"napi-macros": "^2.0.0",
				"node-gyp-build": "^4.3.0"
			}
		}
	}
}
