{
	"name": "positron",
	"version": "2.0.4",
	"lockfileVersion": 2,
	"requires": true,
	"packages": {
		"": {
			"name": "positron",
			"version": "2.0.4",
			"license": "MIT",
			"dependencies": {
				"tree-kill": "^1.2.2",
				"win-version-info": "^6.0.1"
			},
			"engines": {
				"vscode": "^1.70.0"
			}
		},
		"node_modules/napi-macros": {
			"version": "2.0.0",
			"resolved": "https://registry.npmjs.org/napi-macros/-/napi-macros-2.0.0.tgz",
			"integrity": "sha512-A0xLykHtARfueITVDernsAWdtIMbOJgKgcluwENp3AlsKN/PloyO10HtmoqnFAQAcxPkgZN7wdfPfEd0zNGxbg=="
		},
		"node_modules/node-gyp-build": {
			"version": "4.5.0",
			"resolved": "https://registry.npmjs.org/node-gyp-build/-/node-gyp-build-4.5.0.tgz",
			"integrity": "sha512-2iGbaQBV+ITgCz76ZEjmhUKAKVf7xfY1sRl4UiKQspfZMH2h06SyhNsnSVy50cwkFQDGLyif6m/6uFXHkOZ6rg==",
			"bin": {
				"node-gyp-build": "bin.js",
				"node-gyp-build-optional": "optional.js",
				"node-gyp-build-test": "build-test.js"
			}
		},
		"node_modules/tree-kill": {
			"version": "1.2.2",
			"resolved": "https://registry.npmjs.org/tree-kill/-/tree-kill-1.2.2.tgz",
			"integrity": "sha512-L0Orpi8qGpRG//Nd+H90vFB+3iHnue1zSSGmNOOCh1GLJ7rUKVwV2HvijphGQS2UmhUZewS9VgvxYIdgr+fG1A==",
			"bin": {
				"tree-kill": "cli.js"
			}
		},
		"node_modules/win-version-info": {
			"version": "6.0.1",
			"resolved": "https://registry.npmjs.org/win-version-info/-/win-version-info-6.0.1.tgz",
			"integrity": "sha512-Z6060xUh9UwPxAjKOcEUybw93jnMtpERcdlb933bGfpBOlRtLYlYlzWk1YoGzofX3yB3pvPuwXrTsWQ4ClMZKQ==",
			"hasInstallScript": true,
			"dependencies": {
				"napi-macros": "^2.0.0",
				"node-gyp-build": "^4.3.0"
			},
			"bin": {
				"version-info": "bin.js",
				"win-version-info": "bin.js"
			},
			"engines": {
				"node": ">=14"
			}
		}
	},
	"dependencies": {
		"napi-macros": {
			"version": "2.0.0",
			"resolved": "https://registry.npmjs.org/napi-macros/-/napi-macros-2.0.0.tgz",
			"integrity": "sha512-A0xLykHtARfueITVDernsAWdtIMbOJgKgcluwENp3AlsKN/PloyO10HtmoqnFAQAcxPkgZN7wdfPfEd0zNGxbg=="
		},
		"node-gyp-build": {
			"version": "4.5.0",
			"resolved": "https://registry.npmjs.org/node-gyp-build/-/node-gyp-build-4.5.0.tgz",
			"integrity": "sha512-2iGbaQBV+ITgCz76ZEjmhUKAKVf7xfY1sRl4UiKQspfZMH2h06SyhNsnSVy50cwkFQDGLyif6m/6uFXHkOZ6rg=="
		},
		"tree-kill": {
			"version": "1.2.2",
			"resolved": "https://registry.npmjs.org/tree-kill/-/tree-kill-1.2.2.tgz",
			"integrity": "sha512-L0Orpi8qGpRG//Nd+H90vFB+3iHnue1zSSGmNOOCh1GLJ7rUKVwV2HvijphGQS2UmhUZewS9VgvxYIdgr+fG1A=="
		},
		"win-version-info": {
			"version": "6.0.1",
			"resolved": "https://registry.npmjs.org/win-version-info/-/win-version-info-6.0.1.tgz",
			"integrity": "sha512-Z6060xUh9UwPxAjKOcEUybw93jnMtpERcdlb933bGfpBOlRtLYlYlzWk1YoGzofX3yB3pvPuwXrTsWQ4ClMZKQ==",
			"requires": {
				"napi-macros": "^2.0.0",
				"node-gyp-build": "^4.3.0"
			}
		}
	}
}
